
Microsoft Visual Studio Solution File, Format Version 12.00
# Visual Studio Version 17
VisualStudioVersion = 17.5.33530.505
MinimumVisualStudioVersion = 10.0.40219.1
Project("{9A19103F-16F7-4668-BE54-9A1E7A4F7556}") = "ECU", "pROJKETfinal\ECU.csproj", "{DFE16543-D218-4E5F-90D2-18C267BA451A}"
EndProject
Global
	GlobalSection(SolutionConfigurationPlatforms) = preSolution
		Debug|Any CPU = Debug|Any CPU
		Release|Any CPU = Release|Any CPU
	EndGlobalSection
	GlobalSection(ProjectConfigurationPlatforms) = postSolution
		{DFE16543-D218-4E5F-90D2-18C267BA451A}.Debug|Any CPU.ActiveCfg = Debug|Any CPU
		{DFE16543-D218-4E5F-90D2-18C267BA451A}.Debug|Any CPU.Build.0 = Debug|Any CPU
		{DFE16543-D218-4E5F-90D2-18C267BA451A}.Release|Any CPU.ActiveCfg = Release|Any CPU
		{DFE16543-D218-4E5F-90D2-18C267BA451A}.Release|Any CPU.Build.0 = Release|Any CPU
	EndGlobalSection
	GlobalSection(SolutionProperties) = preSolution
		HideSolutionNode = FALSE
	EndGlobalSection
	GlobalSection(ExtensibilityGlobals) = postSolution
		SolutionGuid = {261DB5E0-24FC-44FD-A546-FE4A029ADFE6}
	EndGlobalSection
EndGlobal
